
Microsoft Visual Studio Solution File, Format Version 12.00
# Visual Studio Version 16
VisualStudioVersion = 16.0.29509.3
MinimumVisualStudioVersion = 10.0.40219.1
Project("{9A19103F-16F7-4668-BE54-9A1E7A4F7556}") = "Stream Controller", "Stream Controller\Stream Controller.csproj", "{C0C6BAF1-99E3-4B3B-909B-A6797594B7CD}"
EndProject
Project("{9A19103F-16F7-4668-BE54-9A1E7A4F7556}") = "OBSWebSocketLibrary", "OBSWebSocketLibrary\OBSWebSocketLibrary.csproj", "{F80C62D2-091A-4E47-AF3A-482A05273231}"
	ProjectSection(ProjectDependencies) = postProject
		{50D16C7A-0314-4D22-B621-90CD60FA3EB5} = {50D16C7A-0314-4D22-B621-90CD60FA3EB5}
	EndProjectSection
EndProject
Project("{9A19103F-16F7-4668-BE54-9A1E7A4F7556}") = "NAudioWrapperLibrary", "NAudioWrapperLibrary\NAudioWrapperLibrary.csproj", "{5C72BE90-2B84-40E2-9A06-41A39ED4B2EE}"
EndProject
Project("{9A19103F-16F7-4668-BE54-9A1E7A4F7556}") = "SharedModels", "SharedModels\SharedModels.csproj", "{50D16C7A-0314-4D22-B621-90CD60FA3EB5}"
EndProject
Project("{9A19103F-16F7-4668-BE54-9A1E7A4F7556}") = "WebSocketLibrary", "WebSocketLibrary\WebSocketLibrary.csproj", "{1E989DD4-F972-4C97-90F0-5096F578EBC0}"
EndProject
Global
	GlobalSection(SolutionConfigurationPlatforms) = preSolution
		Debug|Any CPU = Debug|Any CPU
		Release|Any CPU = Release|Any CPU
	EndGlobalSection
	GlobalSection(ProjectConfigurationPlatforms) = postSolution
		{C0C6BAF1-99E3-4B3B-909B-A6797594B7CD}.Debug|Any CPU.ActiveCfg = Debug|Any CPU
		{C0C6BAF1-99E3-4B3B-909B-A6797594B7CD}.Debug|Any CPU.Build.0 = Debug|Any CPU
		{C0C6BAF1-99E3-4B3B-909B-A6797594B7CD}.Release|Any CPU.ActiveCfg = Release|Any CPU
		{C0C6BAF1-99E3-4B3B-909B-A6797594B7CD}.Release|Any CPU.Build.0 = Release|Any CPU
		{F80C62D2-091A-4E47-AF3A-482A05273231}.Debug|Any CPU.ActiveCfg = Debug|Any CPU
		{F80C62D2-091A-4E47-AF3A-482A05273231}.Debug|Any CPU.Build.0 = Debug|Any CPU
		{F80C62D2-091A-4E47-AF3A-482A05273231}.Release|Any CPU.ActiveCfg = Release|Any CPU
		{F80C62D2-091A-4E47-AF3A-482A05273231}.Release|Any CPU.Build.0 = Release|Any CPU
		{5C72BE90-2B84-40E2-9A06-41A39ED4B2EE}.Debug|Any CPU.ActiveCfg = Debug|Any CPU
		{5C72BE90-2B84-40E2-9A06-41A39ED4B2EE}.Debug|Any CPU.Build.0 = Debug|Any CPU
		{5C72BE90-2B84-40E2-9A06-41A39ED4B2EE}.Release|Any CPU.ActiveCfg = Release|Any CPU
		{5C72BE90-2B84-40E2-9A06-41A39ED4B2EE}.Release|Any CPU.Build.0 = Release|Any CPU
		{50D16C7A-0314-4D22-B621-90CD60FA3EB5}.Debug|Any CPU.ActiveCfg = Debug|Any CPU
		{50D16C7A-0314-4D22-B621-90CD60FA3EB5}.Debug|Any CPU.Build.0 = Debug|Any CPU
		{50D16C7A-0314-4D22-B621-90CD60FA3EB5}.Release|Any CPU.ActiveCfg = Release|Any CPU
		{50D16C7A-0314-4D22-B621-90CD60FA3EB5}.Release|Any CPU.Build.0 = Release|Any CPU
		{1E989DD4-F972-4C97-90F0-5096F578EBC0}.Debug|Any CPU.ActiveCfg = Debug|Any CPU
		{1E989DD4-F972-4C97-90F0-5096F578EBC0}.Debug|Any CPU.Build.0 = Debug|Any CPU
		{1E989DD4-F972-4C97-90F0-5096F578EBC0}.Release|Any CPU.ActiveCfg = Release|Any CPU
		{1E989DD4-F972-4C97-90F0-5096F578EBC0}.Release|Any CPU.Build.0 = Release|Any CPU
	EndGlobalSection
	GlobalSection(SolutionProperties) = preSolution
		HideSolutionNode = FALSE
	EndGlobalSection
	GlobalSection(ExtensibilityGlobals) = postSolution
		SolutionGuid = {594EE1CC-F298-4383-9A77-EF5B6240DD6F}
	EndGlobalSection
EndGlobal
