
Microsoft Visual Studio Solution File, Format Version 12.00
# Visual Studio Version 16
VisualStudioVersion = 16.0.29509.3
MinimumVisualStudioVersion = 10.0.40219.1
Project("{9A19103F-16F7-4668-BE54-9A1E7A4F7556}") = "StreamController", "StreamController\StreamController.csproj", "{C0C6BAF1-99E3-4B3B-909B-A6797594B7CD}"
	ProjectSection(ProjectDependencies) = postProject
		{88133766-B2CD-415E-AFE0-18F9E6BCF0B0} = {88133766-B2CD-415E-AFE0-18F9E6BCF0B0}
		{1E989DD4-F972-4C97-90F0-5096F578EBC0} = {1E989DD4-F972-4C97-90F0-5096F578EBC0}
	EndProjectSection
EndProject
Project("{9A19103F-16F7-4668-BE54-9A1E7A4F7556}") = "OBSWebSocketLibrary", "OBSWebSocketLibrary\OBSWebSocketLibrary.csproj", "{F80C62D2-091A-4E47-AF3A-482A05273231}"
	ProjectSection(ProjectDependencies) = postProject
		{50D16C7A-0314-4D22-B621-90CD60FA3EB5} = {50D16C7A-0314-4D22-B621-90CD60FA3EB5}
	EndProjectSection
EndProject
Project("{9A19103F-16F7-4668-BE54-9A1E7A4F7556}") = "NAudioWrapperLibrary", "NAudioWrapperLibrary\NAudioWrapperLibrary.csproj", "{5C72BE90-2B84-40E2-9A06-41A39ED4B2EE}"
EndProject
Project("{9A19103F-16F7-4668-BE54-9A1E7A4F7556}") = "SharedModels", "SharedModels\SharedModels.csproj", "{50D16C7A-0314-4D22-B621-90CD60FA3EB5}"
EndProject
Project("{9A19103F-16F7-4668-BE54-9A1E7A4F7556}") = "WebSocketLibrary", "WebSocketLibrary\WebSocketLibrary.csproj", "{1E989DD4-F972-4C97-90F0-5096F578EBC0}"
EndProject
Project("{9A19103F-16F7-4668-BE54-9A1E7A4F7556}") = "NetworkingWrapperLibrary", "NetworkingWrapperLibrary\NetworkingWrapperLibrary.csproj", "{88133766-B2CD-415E-AFE0-18F9E6BCF0B0}"
EndProject
Project("{930C7802-8A8C-48F9-8165-68863BCCD9DD}") = "Setup", "Setup\Setup.wixproj", "{6E06E690-E462-4401-B55E-2A22AD29C7A3}"
	ProjectSection(ProjectDependencies) = postProject
		{C0C6BAF1-99E3-4B3B-909B-A6797594B7CD} = {C0C6BAF1-99E3-4B3B-909B-A6797594B7CD}
	EndProjectSection
EndProject
Global
	GlobalSection(SolutionConfigurationPlatforms) = preSolution
		Debug|x64 = Debug|x64
		Debug|x86 = Debug|x86
		Release|x64 = Release|x64
		Release|x86 = Release|x86
	EndGlobalSection
	GlobalSection(ProjectConfigurationPlatforms) = postSolution
		{C0C6BAF1-99E3-4B3B-909B-A6797594B7CD}.Debug|x64.ActiveCfg = Debug|x64
		{C0C6BAF1-99E3-4B3B-909B-A6797594B7CD}.Debug|x64.Build.0 = Debug|x64
		{C0C6BAF1-99E3-4B3B-909B-A6797594B7CD}.Debug|x86.ActiveCfg = Debug|x86
		{C0C6BAF1-99E3-4B3B-909B-A6797594B7CD}.Debug|x86.Build.0 = Debug|x86
		{C0C6BAF1-99E3-4B3B-909B-A6797594B7CD}.Release|x64.ActiveCfg = Release|x64
		{C0C6BAF1-99E3-4B3B-909B-A6797594B7CD}.Release|x64.Build.0 = Release|x64
		{C0C6BAF1-99E3-4B3B-909B-A6797594B7CD}.Release|x86.ActiveCfg = Release|x86
		{C0C6BAF1-99E3-4B3B-909B-A6797594B7CD}.Release|x86.Build.0 = Release|x86
		{F80C62D2-091A-4E47-AF3A-482A05273231}.Debug|x64.ActiveCfg = Debug|x64
		{F80C62D2-091A-4E47-AF3A-482A05273231}.Debug|x64.Build.0 = Debug|x64
		{F80C62D2-091A-4E47-AF3A-482A05273231}.Debug|x86.ActiveCfg = Debug|x86
		{F80C62D2-091A-4E47-AF3A-482A05273231}.Debug|x86.Build.0 = Debug|x86
		{F80C62D2-091A-4E47-AF3A-482A05273231}.Release|x64.ActiveCfg = Release|x64
		{F80C62D2-091A-4E47-AF3A-482A05273231}.Release|x64.Build.0 = Release|x64
		{F80C62D2-091A-4E47-AF3A-482A05273231}.Release|x86.ActiveCfg = Release|x86
		{F80C62D2-091A-4E47-AF3A-482A05273231}.Release|x86.Build.0 = Release|x86
		{5C72BE90-2B84-40E2-9A06-41A39ED4B2EE}.Debug|x64.ActiveCfg = Debug|x64
		{5C72BE90-2B84-40E2-9A06-41A39ED4B2EE}.Debug|x64.Build.0 = Debug|x64
		{5C72BE90-2B84-40E2-9A06-41A39ED4B2EE}.Debug|x86.ActiveCfg = Debug|x86
		{5C72BE90-2B84-40E2-9A06-41A39ED4B2EE}.Debug|x86.Build.0 = Debug|x86
		{5C72BE90-2B84-40E2-9A06-41A39ED4B2EE}.Release|x64.ActiveCfg = Release|x64
		{5C72BE90-2B84-40E2-9A06-41A39ED4B2EE}.Release|x64.Build.0 = Release|x64
		{5C72BE90-2B84-40E2-9A06-41A39ED4B2EE}.Release|x86.ActiveCfg = Release|x86
		{5C72BE90-2B84-40E2-9A06-41A39ED4B2EE}.Release|x86.Build.0 = Release|x86
		{50D16C7A-0314-4D22-B621-90CD60FA3EB5}.Debug|x64.ActiveCfg = Debug|x64
		{50D16C7A-0314-4D22-B621-90CD60FA3EB5}.Debug|x64.Build.0 = Debug|x64
		{50D16C7A-0314-4D22-B621-90CD60FA3EB5}.Debug|x86.ActiveCfg = Debug|x86
		{50D16C7A-0314-4D22-B621-90CD60FA3EB5}.Debug|x86.Build.0 = Debug|x86
		{50D16C7A-0314-4D22-B621-90CD60FA3EB5}.Release|x64.ActiveCfg = Release|x64
		{50D16C7A-0314-4D22-B621-90CD60FA3EB5}.Release|x64.Build.0 = Release|x64
		{50D16C7A-0314-4D22-B621-90CD60FA3EB5}.Release|x86.ActiveCfg = Release|x86
		{50D16C7A-0314-4D22-B621-90CD60FA3EB5}.Release|x86.Build.0 = Release|x86
		{1E989DD4-F972-4C97-90F0-5096F578EBC0}.Debug|x64.ActiveCfg = Debug|x64
		{1E989DD4-F972-4C97-90F0-5096F578EBC0}.Debug|x64.Build.0 = Debug|x64
		{1E989DD4-F972-4C97-90F0-5096F578EBC0}.Debug|x86.ActiveCfg = Debug|x86
		{1E989DD4-F972-4C97-90F0-5096F578EBC0}.Debug|x86.Build.0 = Debug|x86
		{1E989DD4-F972-4C97-90F0-5096F578EBC0}.Release|x64.ActiveCfg = Release|x64
		{1E989DD4-F972-4C97-90F0-5096F578EBC0}.Release|x64.Build.0 = Release|x64
		{1E989DD4-F972-4C97-90F0-5096F578EBC0}.Release|x86.ActiveCfg = Release|x86
		{1E989DD4-F972-4C97-90F0-5096F578EBC0}.Release|x86.Build.0 = Release|x86
		{88133766-B2CD-415E-AFE0-18F9E6BCF0B0}.Debug|x64.ActiveCfg = Debug|x64
		{88133766-B2CD-415E-AFE0-18F9E6BCF0B0}.Debug|x64.Build.0 = Debug|x64
		{88133766-B2CD-415E-AFE0-18F9E6BCF0B0}.Debug|x86.ActiveCfg = Debug|x86
		{88133766-B2CD-415E-AFE0-18F9E6BCF0B0}.Debug|x86.Build.0 = Debug|x86
		{88133766-B2CD-415E-AFE0-18F9E6BCF0B0}.Release|x64.ActiveCfg = Release|x64
		{88133766-B2CD-415E-AFE0-18F9E6BCF0B0}.Release|x64.Build.0 = Release|x64
		{88133766-B2CD-415E-AFE0-18F9E6BCF0B0}.Release|x86.ActiveCfg = Release|x86
		{88133766-B2CD-415E-AFE0-18F9E6BCF0B0}.Release|x86.Build.0 = Release|x86
		{6E06E690-E462-4401-B55E-2A22AD29C7A3}.Debug|x64.ActiveCfg = Debug|x64
		{6E06E690-E462-4401-B55E-2A22AD29C7A3}.Debug|x64.Build.0 = Debug|x64
		{6E06E690-E462-4401-B55E-2A22AD29C7A3}.Debug|x86.ActiveCfg = Debug|x86
		{6E06E690-E462-4401-B55E-2A22AD29C7A3}.Release|x64.ActiveCfg = Release|x64
		{6E06E690-E462-4401-B55E-2A22AD29C7A3}.Release|x64.Build.0 = Release|x64
		{6E06E690-E462-4401-B55E-2A22AD29C7A3}.Release|x86.ActiveCfg = Release|x86
		{6E06E690-E462-4401-B55E-2A22AD29C7A3}.Release|x86.Build.0 = Release|x86
	EndGlobalSection
	GlobalSection(SolutionProperties) = preSolution
		HideSolutionNode = FALSE
	EndGlobalSection
	GlobalSection(ExtensibilityGlobals) = postSolution
		SolutionGuid = {594EE1CC-F298-4383-9A77-EF5B6240DD6F}
	EndGlobalSection
EndGlobal
